
Microsoft Visual Studio Solution File, Format Version 12.00
# Visual Studio Version 17
VisualStudioVersion = 17.9.34728.123
MinimumVisualStudioVersion = 10.0.40219.1
Project("{FAE04EC0-301F-11D3-BF4B-00C04F79EFBC}") = "API", "API\API.csproj", "{F31DBF6F-C32C-42DB-93D0-EF8EBC5A39C1}"
EndProject
Project("{FAE04EC0-301F-11D3-BF4B-00C04F79EFBC}") = "BlazorApp1", "BlazorApp1\BlazorApp1.csproj", "{DD7A9631-A397-421D-B356-7BE6747DC2AB}"
EndProject
Project("{FAE04EC0-301F-11D3-BF4B-00C04F79EFBC}") = "BlazorApp2", "BlazorApp2\BlazorApp2.csproj", "{2C43C4C3-97F6-4164-860F-F6946A732B33}"
EndProject
Global
	GlobalSection(SolutionConfigurationPlatforms) = preSolution
		Debug|Any CPU = Debug|Any CPU
		Release|Any CPU = Release|Any CPU
	EndGlobalSection
	GlobalSection(ProjectConfigurationPlatforms) = postSolution
		{F31DBF6F-C32C-42DB-93D0-EF8EBC5A39C1}.Debug|Any CPU.ActiveCfg = Debug|Any CPU
		{F31DBF6F-C32C-42DB-93D0-EF8EBC5A39C1}.Debug|Any CPU.Build.0 = Debug|Any CPU
		{F31DBF6F-C32C-42DB-93D0-EF8EBC5A39C1}.Release|Any CPU.ActiveCfg = Release|Any CPU
		{F31DBF6F-C32C-42DB-93D0-EF8EBC5A39C1}.Release|Any CPU.Build.0 = Release|Any CPU
		{DD7A9631-A397-421D-B356-7BE6747DC2AB}.Debug|Any CPU.ActiveCfg = Debug|Any CPU
		{DD7A9631-A397-421D-B356-7BE6747DC2AB}.Debug|Any CPU.Build.0 = Debug|Any CPU
		{DD7A9631-A397-421D-B356-7BE6747DC2AB}.Release|Any CPU.ActiveCfg = Release|Any CPU
		{DD7A9631-A397-421D-B356-7BE6747DC2AB}.Release|Any CPU.Build.0 = Release|Any CPU
		{2C43C4C3-97F6-4164-860F-F6946A732B33}.Debug|Any CPU.ActiveCfg = Debug|Any CPU
		{2C43C4C3-97F6-4164-860F-F6946A732B33}.Debug|Any CPU.Build.0 = Debug|Any CPU
		{2C43C4C3-97F6-4164-860F-F6946A732B33}.Release|Any CPU.ActiveCfg = Release|Any CPU
		{2C43C4C3-97F6-4164-860F-F6946A732B33}.Release|Any CPU.Build.0 = Release|Any CPU
	EndGlobalSection
	GlobalSection(SolutionProperties) = preSolution
		HideSolutionNode = FALSE
	EndGlobalSection
	GlobalSection(ExtensibilityGlobals) = postSolution
		SolutionGuid = {6F6220F0-B263-4FE3-8EBC-775646A64342}
	EndGlobalSection
EndGlobal
